{
  "version": 4,
  "terraform_version": "1.15.2",
  "serial": 6,
  "lineage": "11a28273-94e4-5d5e-380b-108b4ce77a96",
  "outputs": {
    "website_url": {
      "value": "devsecops-lab-dev-chupisquad-2026.s3-website-us-east-1.amazonaws.com",
      "type": "string"
    }
  },
  "resources": [
    {
      "module": "module.site",
      "mode": "managed",
      "type": "aws_s3_bucket",
      "name": "site",
      "provider": "provider[\"registry.terraform.io/hashicorp/aws\"]",
      "instances": [
        {
          "schema_version": 0,
          "attributes": {
            "acceleration_status": "",
            "acl": null,
            "arn": "arn:aws:s3:::devsecops-lab-dev-chupisquad-2026",
            "bucket": "devsecops-lab-dev-chupisquad-2026",
            "bucket_domain_name": "devsecops-lab-dev-chupisquad-2026.s3.amazonaws.com",
            "bucket_prefix": "",
            "bucket_regional_domain_name": "devsecops-lab-dev-chupisquad-2026.s3.us-east-1.amazonaws.com",
            "cors_rule": [],
            "force_destroy": false,
            "grant": [
              {
                "id": "e8c20face71f0b3e898e2329ca3b3dcfc53ce2326738bb912438fcb79c99cac6",
                "permissions": [
                  "FULL_CONTROL"
                ],
                "type": "CanonicalUser",
                "uri": ""
              }
            ],
            "hosted_zone_id": "Z3AQBSTGFYJSTF",
            "id": "devsecops-lab-dev-chupisquad-2026",
            "lifecycle_rule": [],
            "logging": [],
            "object_lock_configuration": [],
            "object_lock_enabled": false,
            "policy": "",
            "region": "us-east-1",
            "replication_configuration": [],
            "request_payer": "BucketOwner",
            "server_side_encryption_configuration": [
              {
                "rule": [
                  {
                    "apply_server_side_encryption_by_default": [
                      {
                        "kms_master_key_id": "",
                        "sse_algorithm": "AES256"
                      }
                    ],
                    "bucket_key_enabled": false
                  }
                ]
              }
            ],
            "tags": {
              "Entorno": "dev",
              "Equipo": "DevSecOps",
              "GestionadoPor": "Terraform",
              "Proyecto": "DevSecOps-Lab"
            },
            "tags_all": {
              "Entorno": "dev",
              "Equipo": "DevSecOps",
              "GestionadoPor": "Terraform",
              "Proyecto": "DevSecOps-Lab"
            },
            "timeouts": null,
            "versioning": [
              {
                "enabled": false,
                "mfa_delete": false
              }
            ],
            "website": [],
            "website_domain": null,
            "website_endpoint": null
          },
          "sensitive_attributes": [],
          "identity_schema_version": 0,
          "private": "eyJlMmJmYjczMC1lY2FhLTExZTYtOGY4OC0zNDM2M2JjN2M0YzAiOnsiY3JlYXRlIjoxMjAwMDAwMDAwMDAwLCJkZWxldGUiOjM2MDAwMDAwMDAwMDAsInJlYWQiOjEyMDAwMDAwMDAwMDAsInVwZGF0ZSI6MTIwMDAwMDAwMDAwMH19"
        }
      ]
    },
    {
      "module": "module.site",
      "mode": "managed",
      "type": "aws_s3_bucket_policy",
      "name": "public_read",
      "provider": "provider[\"registry.terraform.io/hashicorp/aws\"]",
      "instances": [
        {
          "schema_version": 0,
          "attributes": {
            "bucket": "devsecops-lab-dev-chupisquad-2026",
            "id": "devsecops-lab-dev-chupisquad-2026",
            "policy": "{\"Statement\":[{\"Action\":\"s3:GetObject\",\"Effect\":\"Allow\",\"Principal\":\"*\",\"Resource\":\"arn:aws:s3:::devsecops-lab-dev-chupisquad-2026/*\",\"Sid\":\"PublicReadGetObject\"}],\"Version\":\"2012-10-17\"}"
          },
          "sensitive_attributes": [],
          "identity_schema_version": 0,
          "private": "bnVsbA==",
          "dependencies": [
            "module.site.aws_s3_bucket.site",
            "module.site.aws_s3_bucket_public_access_block.site"
          ]
        }
      ]
    },
    {
      "module": "module.site",
      "mode": "managed",
      "type": "aws_s3_bucket_public_access_block",
      "name": "site",
      "provider": "provider[\"registry.terraform.io/hashicorp/aws\"]",
      "instances": [
        {
          "schema_version": 0,
          "attributes": {
            "block_public_acls": false,
            "block_public_policy": false,
            "bucket": "devsecops-lab-dev-chupisquad-2026",
            "id": "devsecops-lab-dev-chupisquad-2026",
            "ignore_public_acls": false,
            "restrict_public_buckets": false
          },
          "sensitive_attributes": [],
          "identity_schema_version": 0,
          "private": "bnVsbA==",
          "dependencies": [
            "module.site.aws_s3_bucket.site"
          ]
        }
      ]
    },
    {
      "module": "module.site",
      "mode": "managed",
      "type": "aws_s3_bucket_website_configuration",
      "name": "site",
      "provider": "provider[\"registry.terraform.io/hashicorp/aws\"]",
      "instances": [
        {
          "schema_version": 0,
          "attributes": {
            "bucket": "devsecops-lab-dev-chupisquad-2026",
            "error_document": [],
            "expected_bucket_owner": "",
            "id": "devsecops-lab-dev-chupisquad-2026",
            "index_document": [
              {
                "suffix": "index.html"
              }
            ],
            "redirect_all_requests_to": [],
            "routing_rule": [],
            "routing_rules": "",
            "website_domain": "s3-website-us-east-1.amazonaws.com",
            "website_endpoint": "devsecops-lab-dev-chupisquad-2026.s3-website-us-east-1.amazonaws.com"
          },
          "sensitive_attributes": [],
          "identity_schema_version": 0,
          "private": "bnVsbA==",
          "dependencies": [
            "module.site.aws_s3_bucket.site"
          ]
        }
      ]
    },
    {
      "module": "module.site",
      "mode": "managed",
      "type": "aws_s3_object",
      "name": "index",
      "provider": "provider[\"registry.terraform.io/hashicorp/aws\"]",
      "instances": [
        {
          "schema_version": 0,
          "attributes": {
            "acl": null,
            "arn": "arn:aws:s3:::devsecops-lab-dev-chupisquad-2026/index.html",
            "bucket": "devsecops-lab-dev-chupisquad-2026",
            "bucket_key_enabled": false,
            "cache_control": "",
            "checksum_algorithm": null,
            "checksum_crc32": "",
            "checksum_crc32c": "",
            "checksum_crc64nvme": "",
            "checksum_sha1": "",
            "checksum_sha256": "",
            "content": null,
            "content_base64": null,
            "content_disposition": "",
            "content_encoding": "",
            "content_language": "",
            "content_type": "text/html",
            "etag": "ea6ba9a156685a7148308c71df80913e",
            "force_destroy": false,
            "id": "index.html",
            "key": "index.html",
            "kms_key_id": null,
            "metadata": null,
            "object_lock_legal_hold_status": "",
            "object_lock_mode": "",
            "object_lock_retain_until_date": "",
            "override_provider": [],
            "server_side_encryption": "AES256",
            "source": "./../../website/index.html",
            "source_hash": null,
            "storage_class": "STANDARD",
            "tags": null,
            "tags_all": {},
            "version_id": "",
            "website_redirect": ""
          },
          "sensitive_attributes": [],
          "identity_schema_version": 0,
          "private": "bnVsbA==",
          "dependencies": [
            "module.site.aws_s3_bucket.site"
          ]
        }
      ]
    }
  ],
  "check_results": null
}
